
Microsoft Visual Studio Solution File, Format Version 12.00
# Visual Studio Version 17
VisualStudioVersion = 17.3.32819.101
MinimumVisualStudioVersion = 10.0.40219.1
Project("{FAE04EC0-301F-11D3-BF4B-00C04F79EFBC}") = "Fengselsadministrasjon.ConsoleApp", "Fengselsadministrasjon.ConsoleApp\Fengselsadministrasjon.ConsoleApp.csproj", "{D6079F5D-8CE1-4F67-AF72-9FB040777220}"
EndProject
Project("{9A19103F-16F7-4668-BE54-9A1E7A4F7556}") = "Fengselsadministrasjon.Domain", "Fengselsadministrasjon.Domain\Fengselsadministrasjon.Domain.csproj", "{6AF5B7D7-6FE3-4B03-86F5-3B5ED6873E2D}"
EndProject
Project("{9A19103F-16F7-4668-BE54-9A1E7A4F7556}") = "Fengselsadministrasjon.Infrastructure", "Fengselsadministrasjon.Infrastructure\Fengselsadministrasjon.Infrastructure.csproj", "{ABED1DD2-F564-48AC-A3A8-8AFFCFB6C33B}"
EndProject
Project("{FAE04EC0-301F-11D3-BF4B-00C04F79EFBC}") = "Fengselsadministrasjon.Domain.Test", "Fengselsadministrasjon.Domain.Test\Fengselsadministrasjon.Domain.Test.csproj", "{CF2524E4-3735-409B-A528-10324BF8C894}"
EndProject
Global
	GlobalSection(SolutionConfigurationPlatforms) = preSolution
		Debug|Any CPU = Debug|Any CPU
		Release|Any CPU = Release|Any CPU
	EndGlobalSection
	GlobalSection(ProjectConfigurationPlatforms) = postSolution
		{D6079F5D-8CE1-4F67-AF72-9FB040777220}.Debug|Any CPU.ActiveCfg = Debug|Any CPU
		{D6079F5D-8CE1-4F67-AF72-9FB040777220}.Debug|Any CPU.Build.0 = Debug|Any CPU
		{D6079F5D-8CE1-4F67-AF72-9FB040777220}.Release|Any CPU.ActiveCfg = Release|Any CPU
		{D6079F5D-8CE1-4F67-AF72-9FB040777220}.Release|Any CPU.Build.0 = Release|Any CPU
		{6AF5B7D7-6FE3-4B03-86F5-3B5ED6873E2D}.Debug|Any CPU.ActiveCfg = Debug|Any CPU
		{6AF5B7D7-6FE3-4B03-86F5-3B5ED6873E2D}.Debug|Any CPU.Build.0 = Debug|Any CPU
		{6AF5B7D7-6FE3-4B03-86F5-3B5ED6873E2D}.Release|Any CPU.ActiveCfg = Release|Any CPU
		{6AF5B7D7-6FE3-4B03-86F5-3B5ED6873E2D}.Release|Any CPU.Build.0 = Release|Any CPU
		{ABED1DD2-F564-48AC-A3A8-8AFFCFB6C33B}.Debug|Any CPU.ActiveCfg = Debug|Any CPU
		{ABED1DD2-F564-48AC-A3A8-8AFFCFB6C33B}.Debug|Any CPU.Build.0 = Debug|Any CPU
		{ABED1DD2-F564-48AC-A3A8-8AFFCFB6C33B}.Release|Any CPU.ActiveCfg = Release|Any CPU
		{ABED1DD2-F564-48AC-A3A8-8AFFCFB6C33B}.Release|Any CPU.Build.0 = Release|Any CPU
		{CF2524E4-3735-409B-A528-10324BF8C894}.Debug|Any CPU.ActiveCfg = Debug|Any CPU
		{CF2524E4-3735-409B-A528-10324BF8C894}.Debug|Any CPU.Build.0 = Debug|Any CPU
		{CF2524E4-3735-409B-A528-10324BF8C894}.Release|Any CPU.ActiveCfg = Release|Any CPU
		{CF2524E4-3735-409B-A528-10324BF8C894}.Release|Any CPU.Build.0 = Release|Any CPU
	EndGlobalSection
	GlobalSection(SolutionProperties) = preSolution
		HideSolutionNode = FALSE
	EndGlobalSection
	GlobalSection(ExtensibilityGlobals) = postSolution
		SolutionGuid = {037DAE52-38F4-408D-A1AF-A47D8A9573D1}
	EndGlobalSection
EndGlobal
